
Microsoft Visual Studio Solution File, Format Version 12.00
# Visual Studio Version 17
VisualStudioVersion = 17.6.33712.159
MinimumVisualStudioVersion = 10.0.40219.1
Project("{8BC9CEB8-8B4A-11D0-8D11-00A0C91BC942}") = "Project1", "Project1\Project1.vcxproj", "{8068AD80-1C6B-425E-9162-83DA2EDDCDBB}"
EndProject
Global
	GlobalSection(SolutionConfigurationPlatforms) = preSolution
		Debug|x64 = Debug|x64
		Debug|x86 = Debug|x86
		Release|x64 = Release|x64
		Release|x86 = Release|x86
	EndGlobalSection
	GlobalSection(ProjectConfigurationPlatforms) = postSolution
		{8068AD80-1C6B-425E-9162-83DA2EDDCDBB}.Debug|x64.ActiveCfg = Debug|x64
		{8068AD80-1C6B-425E-9162-83DA2EDDCDBB}.Debug|x64.Build.0 = Debug|x64
		{8068AD80-1C6B-425E-9162-83DA2EDDCDBB}.Debug|x86.ActiveCfg = Debug|Win32
		{8068AD80-1C6B-425E-9162-83DA2EDDCDBB}.Debug|x86.Build.0 = Debug|Win32
		{8068AD80-1C6B-425E-9162-83DA2EDDCDBB}.Release|x64.ActiveCfg = Release|x64
		{8068AD80-1C6B-425E-9162-83DA2EDDCDBB}.Release|x64.Build.0 = Release|x64
		{8068AD80-1C6B-425E-9162-83DA2EDDCDBB}.Release|x86.ActiveCfg = Release|Win32
		{8068AD80-1C6B-425E-9162-83DA2EDDCDBB}.Release|x86.Build.0 = Release|Win32
	EndGlobalSection
	GlobalSection(SolutionProperties) = preSolution
		HideSolutionNode = FALSE
	EndGlobalSection
	GlobalSection(ExtensibilityGlobals) = postSolution
		SolutionGuid = {09DF87BD-318B-4BA0-8A28-89B888D46831}
	EndGlobalSection
EndGlobal
