
Microsoft Visual Studio Solution File, Format Version 12.00
# Visual Studio Version 17
VisualStudioVersion = 17.6.33712.159
MinimumVisualStudioVersion = 10.0.40219.1
Project("{8BC9CEB8-8B4A-11D0-8D11-00A0C91BC942}") = "Chess", "Chess\Chess.vcxproj", "{FE634C67-BE5B-43B9-903F-F326EBF8B02C}"
EndProject
Global
	GlobalSection(SolutionConfigurationPlatforms) = preSolution
		Debug|x64 = Debug|x64
		Debug|x86 = Debug|x86
		Release|x64 = Release|x64
		Release|x86 = Release|x86
	EndGlobalSection
	GlobalSection(ProjectConfigurationPlatforms) = postSolution
		{FE634C67-BE5B-43B9-903F-F326EBF8B02C}.Debug|x64.ActiveCfg = Debug|x64
		{FE634C67-BE5B-43B9-903F-F326EBF8B02C}.Debug|x64.Build.0 = Debug|x64
		{FE634C67-BE5B-43B9-903F-F326EBF8B02C}.Debug|x86.ActiveCfg = Debug|Win32
		{FE634C67-BE5B-43B9-903F-F326EBF8B02C}.Debug|x86.Build.0 = Debug|Win32
		{FE634C67-BE5B-43B9-903F-F326EBF8B02C}.Release|x64.ActiveCfg = Release|x64
		{FE634C67-BE5B-43B9-903F-F326EBF8B02C}.Release|x64.Build.0 = Release|x64
		{FE634C67-BE5B-43B9-903F-F326EBF8B02C}.Release|x86.ActiveCfg = Release|Win32
		{FE634C67-BE5B-43B9-903F-F326EBF8B02C}.Release|x86.Build.0 = Release|Win32
	EndGlobalSection
	GlobalSection(SolutionProperties) = preSolution
		HideSolutionNode = FALSE
	EndGlobalSection
	GlobalSection(ExtensibilityGlobals) = postSolution
		SolutionGuid = {7F6B3EF8-58B7-40E6-8C70-7A9507C200E4}
	EndGlobalSection
EndGlobal
